
Microsoft Visual Studio Solution File, Format Version 12.00
# Visual Studio Version 16
VisualStudioVersion = 16.0.30011.22
MinimumVisualStudioVersion = 10.0.40219.1
Project("{FAE04EC0-301F-11D3-BF4B-00C04F79EFBC}") = "Figury", "Kulki\Figury.csproj", "{1B2E6E97-07CC-4648-B4A4-92201A215721}"
EndProject
Global
	GlobalSection(SolutionConfigurationPlatforms) = preSolution
		Debug|Any CPU = Debug|Any CPU
		Release|Any CPU = Release|Any CPU
	EndGlobalSection
	GlobalSection(ProjectConfigurationPlatforms) = postSolution
		{1B2E6E97-07CC-4648-B4A4-92201A215721}.Debug|Any CPU.ActiveCfg = Debug|Any CPU
		{1B2E6E97-07CC-4648-B4A4-92201A215721}.Debug|Any CPU.Build.0 = Debug|Any CPU
		{1B2E6E97-07CC-4648-B4A4-92201A215721}.Release|Any CPU.ActiveCfg = Release|Any CPU
		{1B2E6E97-07CC-4648-B4A4-92201A215721}.Release|Any CPU.Build.0 = Release|Any CPU
	EndGlobalSection
	GlobalSection(SolutionProperties) = preSolution
		HideSolutionNode = FALSE
	EndGlobalSection
	GlobalSection(ExtensibilityGlobals) = postSolution
		SolutionGuid = {779DC86A-519C-4FA5-B7E5-6C7ADD504D2E}
	EndGlobalSection
EndGlobal
